{
  "name": "compilesolidity2js",
  "version": "1.0.0",
  "lockfileVersion": 1,
  "requires": true,
  "dependencies": {
    "solidity-parser-antlr": {
      "version": "0.4.0",
      "resolved": "https://registry.npmjs.org/solidity-parser-antlr/-/solidity-parser-antlr-0.4.0.tgz",
      "integrity": "sha512-RrIsh5VoHmrMQia6yLY8u8rx3JPREhSiCFz4Xb0h1Oh0prUYU2ukyWO8gG892V0UMHIXCWqvdZ3wSctNwdWThg=="
    }
  }
}
